
Microsoft Visual Studio Solution File, Format Version 11.00
# Visual Studio 2010
Project("{FAE04EC0-301F-11D3-BF4B-00C04F79EFBC}") = "Asteroids", "Asteroids.csproj", "{f37d1389-65e7-bd3a-9f3f-f5f491daee06}"
EndProject
Global
	GlobalSection(SolutionConfigurationPlatforms) = preSolution
		Debug|Any CPU = Debug|Any CPU
	EndGlobalSection
	GlobalSection(ProjectConfigurationPlatforms) = postSolution
		{f37d1389-65e7-bd3a-9f3f-f5f491daee06}.Debug|Any CPU.ActiveCfg = Debug|Any CPU
		{f37d1389-65e7-bd3a-9f3f-f5f491daee06}.Debug|Any CPU.Build.0 = Debug|Any CPU
	EndGlobalSection
	GlobalSection(SolutionProperties) = preSolution
		HideSolutionNode = FALSE
	EndGlobalSection
EndGlobal
